
Microsoft Visual Studio Solution File, Format Version 12.00
Project("{FAE04EC0-301F-11D3-BF4B-00C04F79EFBC}") = "Immutability.ExchangeRates", "Immutability.ExchangeRates\Immutability.ExchangeRates.csproj", "{6F7C517C-98BA-4E18-A1DE-137345BCD215}"
EndProject
Project("{FAE04EC0-301F-11D3-BF4B-00C04F79EFBC}") = "Immutability.ExchangeRates.Tests", "Immutability.ExchangeRates.Tests\Immutability.ExchangeRates.Tests.csproj", "{B1243D9F-E9BF-4043-9EA8-06C619618B5B}"
EndProject
Global
	GlobalSection(SolutionConfigurationPlatforms) = preSolution
		Debug|Any CPU = Debug|Any CPU
		Release|Any CPU = Release|Any CPU
	EndGlobalSection
	GlobalSection(ProjectConfigurationPlatforms) = postSolution
		{6F7C517C-98BA-4E18-A1DE-137345BCD215}.Debug|Any CPU.ActiveCfg = Debug|Any CPU
		{6F7C517C-98BA-4E18-A1DE-137345BCD215}.Debug|Any CPU.Build.0 = Debug|Any CPU
		{6F7C517C-98BA-4E18-A1DE-137345BCD215}.Release|Any CPU.ActiveCfg = Release|Any CPU
		{6F7C517C-98BA-4E18-A1DE-137345BCD215}.Release|Any CPU.Build.0 = Release|Any CPU
		{B1243D9F-E9BF-4043-9EA8-06C619618B5B}.Debug|Any CPU.ActiveCfg = Debug|Any CPU
		{B1243D9F-E9BF-4043-9EA8-06C619618B5B}.Debug|Any CPU.Build.0 = Debug|Any CPU
		{B1243D9F-E9BF-4043-9EA8-06C619618B5B}.Release|Any CPU.ActiveCfg = Release|Any CPU
		{B1243D9F-E9BF-4043-9EA8-06C619618B5B}.Release|Any CPU.Build.0 = Release|Any CPU
	EndGlobalSection
EndGlobal
