
Microsoft Visual Studio Solution File, Format Version 12.00
Project("{FAE04EC0-301F-11D3-BF4B-00C04F79EFBC}") = "BerlinClock", "BerlinClock\BerlinClock.csproj", "{8A90E153-103A-4459-B809-57A2A9F735FD}"
EndProject
Project("{FAE04EC0-301F-11D3-BF4B-00C04F79EFBC}") = "BerlinClockTests", "BerlinClockTests\BerlinClockTests.csproj", "{DE7ED54B-6477-4019-AF0D-B9857A8597A6}"
EndProject
Global
	GlobalSection(SolutionConfigurationPlatforms) = preSolution
		Debug|Any CPU = Debug|Any CPU
		Release|Any CPU = Release|Any CPU
	EndGlobalSection
	GlobalSection(ProjectConfigurationPlatforms) = postSolution
		{8A90E153-103A-4459-B809-57A2A9F735FD}.Debug|Any CPU.ActiveCfg = Debug|Any CPU
		{8A90E153-103A-4459-B809-57A2A9F735FD}.Debug|Any CPU.Build.0 = Debug|Any CPU
		{8A90E153-103A-4459-B809-57A2A9F735FD}.Release|Any CPU.ActiveCfg = Release|Any CPU
		{8A90E153-103A-4459-B809-57A2A9F735FD}.Release|Any CPU.Build.0 = Release|Any CPU
		{DE7ED54B-6477-4019-AF0D-B9857A8597A6}.Debug|Any CPU.ActiveCfg = Debug|Any CPU
		{DE7ED54B-6477-4019-AF0D-B9857A8597A6}.Debug|Any CPU.Build.0 = Debug|Any CPU
		{DE7ED54B-6477-4019-AF0D-B9857A8597A6}.Release|Any CPU.ActiveCfg = Release|Any CPU
		{DE7ED54B-6477-4019-AF0D-B9857A8597A6}.Release|Any CPU.Build.0 = Release|Any CPU
	EndGlobalSection
EndGlobal
